Microsoft Visual Studio Solution File, Format Version 8.00
Project("{8BC9CEB8-8B4A-11D0-8D11-00A0C91BC942}") = "libspeex", "sipXmediaLib\contrib\speex-1.2beta2\win32\VS2003\libspeex\libspeex.vcproj", "{E972C52F-9E85-4D65-B19C-031E511E9DB4}"
	ProjectSection(ProjectDependencies) = postProject
	EndProjectSection
EndProject
Project("{8BC9CEB8-8B4A-11D0-8D11-00A0C91BC942}") = "portaudio-msvc71", "sipXmediaLib\contrib\portaudio_v19\build\msvc\portaudio-msvc71.vcproj", "{348BFCE7-156D-4AEC-AFCB-7211AE5CFA19}"
	ProjectSection(ProjectDependencies) = postProject
	EndProjectSection
EndProject
Project("{8BC9CEB8-8B4A-11D0-8D11-00A0C91BC942}") = "libgsm-msvc71", "sipXmediaLib\contrib\libgsm\libgsm-msvc71.vcproj", "{FCAFA358-687F-4AD7-9F60-EB4B3F89B42C}"
	ProjectSection(ProjectDependencies) = postProject
	EndProjectSection
EndProject
Project("{8BC9CEB8-8B4A-11D0-8D11-00A0C91BC942}") = "CheckVMail-msvc71", "sipXcallLib\examples\CheckVMail\CheckVMail-msvc71.vcproj", "{F55652A4-F228-4809-93FF-21C67A202866}"
	ProjectSection(ProjectDependencies) = postProject
	EndProjectSection
EndProject
Project("{8BC9CEB8-8B4A-11D0-8D11-00A0C91BC942}") = "libiLBC-msvc71", "sipXmediaLib\contrib\libiLBC\libiLBC-msvc71.vcproj", "{D83B3C51-1E25-4244-913D-5428EA72E09F}"
	ProjectSection(ProjectDependencies) = postProject
	EndProjectSection
EndProject
Project("{8BC9CEB8-8B4A-11D0-8D11-00A0C91BC942}") = "PlaceCall-msvc71", "sipXcallLib\examples\PlaceCall\PlaceCall-msvc71.vcproj", "{6757FB4C-8F44-4A49-A5B6-27CFB6687AAE}"
	ProjectSection(ProjectDependencies) = postProject
	EndProjectSection
EndProject
Project("{8BC9CEB8-8B4A-11D0-8D11-00A0C91BC942}") = "portmixer-msvc71", "sipXmediaLib\contrib\portmixer\winproj\portmixer-msvc71.vcproj", "{74FDB844-55DB-491C-9BCA-DF34D4AE1ED0}"
	ProjectSection(ProjectDependencies) = postProject
	EndProjectSection
EndProject
Project("{8BC9CEB8-8B4A-11D0-8D11-00A0C91BC942}") = "ReceiveCall-msvc71", "sipXcallLib\examples\ReceiveCall\ReceiveCall-msvc71.vcproj", "{94925081-8A09-4852-904F-2BB42230C53F}"
	ProjectSection(ProjectDependencies) = postProject
	EndProjectSection
EndProject
Project("{8BC9CEB8-8B4A-11D0-8D11-00A0C91BC942}") = "SimpleSipxTerm-msvc71", "sipXcallLib\examples\SimpleSipxTerm\SimpleSipxTerm-msvc71.vcproj", "{1B4E414E-63A8-499F-9B72-8132A48E301C}"
	ProjectSection(ProjectDependencies) = postProject
	EndProjectSection
EndProject
Project("{8BC9CEB8-8B4A-11D0-8D11-00A0C91BC942}") = "sipXcallLib-msvc71", "sipXcallLib\sipXcallLib-msvc71.vcproj", "{E878E8F3-72DD-44B9-8F39-36E19678312D}"
	ProjectSection(ProjectDependencies) = postProject
	EndProjectSection
EndProject
Project("{8BC9CEB8-8B4A-11D0-8D11-00A0C91BC942}") = "sipXcallLibTest-msvc71", "sipXcallLib\sipXcallLibTest-msvc71.vcproj", "{D5FF8083-2457-4296-98BD-A96E7501EAF3}"
	ProjectSection(ProjectDependencies) = postProject
		{02884137-87A7-4221-B518-D7F7F22F9F7E} = {02884137-87A7-4221-B518-D7F7F22F9F7E}
		{AA5E3B56-A661-489A-9FA0-158F2F8503A3} = {AA5E3B56-A661-489A-9FA0-158F2F8503A3}
		{B3D241B3-39F2-4626-B9D5-A2078A78B994} = {B3D241B3-39F2-4626-B9D5-A2078A78B994}
		{73324DBE-1015-413A-A596-AAD58B47E9D6} = {73324DBE-1015-413A-A596-AAD58B47E9D6}
		{265B7ED0-5FEF-4477-867E-049993DC1C9E} = {265B7ED0-5FEF-4477-867E-049993DC1C9E}
		{E878E8F3-72DD-44B9-8F39-36E19678312D} = {E878E8F3-72DD-44B9-8F39-36E19678312D}
	EndProjectSection
EndProject
Project("{8BC9CEB8-8B4A-11D0-8D11-00A0C91BC942}") = "sipXezPhone-msvc71", "sipXcallLib\examples\sipXezPhone\sipXezPhone-msvc71.vcproj", "{D7888602-57D3-4464-B7EA-AA60DA8DBD8F}"
	ProjectSection(ProjectDependencies) = postProject
	EndProjectSection
EndProject
Project("{8BC9CEB8-8B4A-11D0-8D11-00A0C91BC942}") = "sipXmediaAdapterLib-msvc71", "sipXmediaAdapterLib\sipXmediaAdapterLib-msvc71.vcproj", "{02884137-87A7-4221-B518-D7F7F22F9F7E}"
	ProjectSection(ProjectDependencies) = postProject
	EndProjectSection
EndProject
Project("{8BC9CEB8-8B4A-11D0-8D11-00A0C91BC942}") = "sipXmediaAdapterLibTest-msvc71", "sipXmediaAdapterLib\sipXmediaAdapterLibTest-msvc71.vcproj", "{CF55C648-BAAF-46EC-9605-73BE46E5690E}"
	ProjectSection(ProjectDependencies) = postProject
		{E972C52F-9E85-4D65-B19C-031E511E9DB4} = {E972C52F-9E85-4D65-B19C-031E511E9DB4}
		{02884137-87A7-4221-B518-D7F7F22F9F7E} = {02884137-87A7-4221-B518-D7F7F22F9F7E}
		{74FDB844-55DB-491C-9BCA-DF34D4AE1ED0} = {74FDB844-55DB-491C-9BCA-DF34D4AE1ED0}
		{D83B3C51-1E25-4244-913D-5428EA72E09F} = {D83B3C51-1E25-4244-913D-5428EA72E09F}
		{AA5E3B56-A661-489A-9FA0-158F2F8503A3} = {AA5E3B56-A661-489A-9FA0-158F2F8503A3}
		{FCAFA358-687F-4AD7-9F60-EB4B3F89B42C} = {FCAFA358-687F-4AD7-9F60-EB4B3F89B42C}
		{B3D241B3-39F2-4626-B9D5-A2078A78B994} = {B3D241B3-39F2-4626-B9D5-A2078A78B994}
		{8D2018B7-A1EA-4302-8AE4-47101687847F} = {8D2018B7-A1EA-4302-8AE4-47101687847F}
		{73324DBE-1015-413A-A596-AAD58B47E9D6} = {73324DBE-1015-413A-A596-AAD58B47E9D6}
		{265B7ED0-5FEF-4477-867E-049993DC1C9E} = {265B7ED0-5FEF-4477-867E-049993DC1C9E}
		{348BFCE7-156D-4AEC-AFCB-7211AE5CFA19} = {348BFCE7-156D-4AEC-AFCB-7211AE5CFA19}
	EndProjectSection
EndProject
Project("{8BC9CEB8-8B4A-11D0-8D11-00A0C91BC942}") = "sipXmediaLib-msvc71", "sipXmediaLib\sipXmediaLib-msvc71.vcproj", "{73324DBE-1015-413A-A596-AAD58B47E9D6}"
	ProjectSection(ProjectDependencies) = postProject
	EndProjectSection
EndProject
Project("{8BC9CEB8-8B4A-11D0-8D11-00A0C91BC942}") = "sipXmediaLibTest-msvc71", "sipXmediaLib\sipXmediaLibTest-msvc71.vcproj", "{C8420466-D435-4193-831A-1AA0212B2F1F}"
	ProjectSection(ProjectDependencies) = postProject
		{E972C52F-9E85-4D65-B19C-031E511E9DB4} = {E972C52F-9E85-4D65-B19C-031E511E9DB4}
		{74FDB844-55DB-491C-9BCA-DF34D4AE1ED0} = {74FDB844-55DB-491C-9BCA-DF34D4AE1ED0}
		{D83B3C51-1E25-4244-913D-5428EA72E09F} = {D83B3C51-1E25-4244-913D-5428EA72E09F}
		{AA5E3B56-A661-489A-9FA0-158F2F8503A3} = {AA5E3B56-A661-489A-9FA0-158F2F8503A3}
		{FCAFA358-687F-4AD7-9F60-EB4B3F89B42C} = {FCAFA358-687F-4AD7-9F60-EB4B3F89B42C}
		{B3D241B3-39F2-4626-B9D5-A2078A78B994} = {B3D241B3-39F2-4626-B9D5-A2078A78B994}
		{8D2018B7-A1EA-4302-8AE4-47101687847F} = {8D2018B7-A1EA-4302-8AE4-47101687847F}
		{73324DBE-1015-413A-A596-AAD58B47E9D6} = {73324DBE-1015-413A-A596-AAD58B47E9D6}
		{265B7ED0-5FEF-4477-867E-049993DC1C9E} = {265B7ED0-5FEF-4477-867E-049993DC1C9E}
		{348BFCE7-156D-4AEC-AFCB-7211AE5CFA19} = {348BFCE7-156D-4AEC-AFCB-7211AE5CFA19}
	EndProjectSection
EndProject
Project("{8BC9CEB8-8B4A-11D0-8D11-00A0C91BC942}") = "sipXsdpLib-msvc71", "sipXsdpLib\sipXsdpLib-msvc71.vcproj", "{8D2018B7-A1EA-4302-8AE4-47101687847F}"
	ProjectSection(ProjectDependencies) = postProject
	EndProjectSection
EndProject
Project("{8BC9CEB8-8B4A-11D0-8D11-00A0C91BC942}") = "sipXsdpLibTest-msvc71", "sipXsdpLib\sipXsdpLibTest-msvc71.vcproj", "{31C42F5B-BA58-4D2F-B93A-BB4EC33D5827}"
	ProjectSection(ProjectDependencies) = postProject
		{AA5E3B56-A661-489A-9FA0-158F2F8503A3} = {AA5E3B56-A661-489A-9FA0-158F2F8503A3}
		{B3D241B3-39F2-4626-B9D5-A2078A78B994} = {B3D241B3-39F2-4626-B9D5-A2078A78B994}
		{8D2018B7-A1EA-4302-8AE4-47101687847F} = {8D2018B7-A1EA-4302-8AE4-47101687847F}
		{265B7ED0-5FEF-4477-867E-049993DC1C9E} = {265B7ED0-5FEF-4477-867E-049993DC1C9E}
	EndProjectSection
EndProject
Project("{8BC9CEB8-8B4A-11D0-8D11-00A0C91BC942}") = "sipXtackLib-msvc71", "sipXtackLib\sipXtackLib-msvc71.vcproj", "{265B7ED0-5FEF-4477-867E-049993DC1C9E}"
	ProjectSection(ProjectDependencies) = postProject
	EndProjectSection
EndProject
Project("{8BC9CEB8-8B4A-11D0-8D11-00A0C91BC942}") = "sipXtackLibTest-msvc71", "sipXtackLib\sipXtackLibTest-msvc71.vcproj", "{87B09007-F762-4D4A-A88C-EE80AFDBA0A3}"
	ProjectSection(ProjectDependencies) = postProject
		{AA5E3B56-A661-489A-9FA0-158F2F8503A3} = {AA5E3B56-A661-489A-9FA0-158F2F8503A3}
		{B3D241B3-39F2-4626-B9D5-A2078A78B994} = {B3D241B3-39F2-4626-B9D5-A2078A78B994}
		{8D2018B7-A1EA-4302-8AE4-47101687847F} = {8D2018B7-A1EA-4302-8AE4-47101687847F}
		{265B7ED0-5FEF-4477-867E-049993DC1C9E} = {265B7ED0-5FEF-4477-867E-049993DC1C9E}
	EndProjectSection
EndProject
Project("{8BC9CEB8-8B4A-11D0-8D11-00A0C91BC942}") = "sipXtapiTest-msvc71", "sipXcallLib\sipXtapiTest-msvc71.vcproj", "{66A9FF6E-5889-41DA-9C0A-FC92FBA562D5}"
	ProjectSection(ProjectDependencies) = postProject
		{E972C52F-9E85-4D65-B19C-031E511E9DB4} = {E972C52F-9E85-4D65-B19C-031E511E9DB4}
		{D83B3C51-1E25-4244-913D-5428EA72E09F} = {D83B3C51-1E25-4244-913D-5428EA72E09F}
		{FCAFA358-687F-4AD7-9F60-EB4B3F89B42C} = {FCAFA358-687F-4AD7-9F60-EB4B3F89B42C}
		{724A488D-BF37-40C9-B56D-EB0E098FB799} = {724A488D-BF37-40C9-B56D-EB0E098FB799}
		{B3D241B3-39F2-4626-B9D5-A2078A78B994} = {B3D241B3-39F2-4626-B9D5-A2078A78B994}
		{8D2018B7-A1EA-4302-8AE4-47101687847F} = {8D2018B7-A1EA-4302-8AE4-47101687847F}
		{265B7ED0-5FEF-4477-867E-049993DC1C9E} = {265B7ED0-5FEF-4477-867E-049993DC1C9E}
	EndProjectSection
EndProject
Project("{8BC9CEB8-8B4A-11D0-8D11-00A0C91BC942}") = "sipXtapi-msvc71", "sipXcallLib\sipXtapi-msvc71.vcproj", "{724A488D-BF37-40C9-B56D-EB0E098FB799}"
	ProjectSection(ProjectDependencies) = postProject
		{E972C52F-9E85-4D65-B19C-031E511E9DB4} = {E972C52F-9E85-4D65-B19C-031E511E9DB4}
		{02884137-87A7-4221-B518-D7F7F22F9F7E} = {02884137-87A7-4221-B518-D7F7F22F9F7E}
		{74FDB844-55DB-491C-9BCA-DF34D4AE1ED0} = {74FDB844-55DB-491C-9BCA-DF34D4AE1ED0}
		{D83B3C51-1E25-4244-913D-5428EA72E09F} = {D83B3C51-1E25-4244-913D-5428EA72E09F}
		{FCAFA358-687F-4AD7-9F60-EB4B3F89B42C} = {FCAFA358-687F-4AD7-9F60-EB4B3F89B42C}
		{B3D241B3-39F2-4626-B9D5-A2078A78B994} = {B3D241B3-39F2-4626-B9D5-A2078A78B994}
		{8D2018B7-A1EA-4302-8AE4-47101687847F} = {8D2018B7-A1EA-4302-8AE4-47101687847F}
		{73324DBE-1015-413A-A596-AAD58B47E9D6} = {73324DBE-1015-413A-A596-AAD58B47E9D6}
		{265B7ED0-5FEF-4477-867E-049993DC1C9E} = {265B7ED0-5FEF-4477-867E-049993DC1C9E}
		{348BFCE7-156D-4AEC-AFCB-7211AE5CFA19} = {348BFCE7-156D-4AEC-AFCB-7211AE5CFA19}
		{E878E8F3-72DD-44B9-8F39-36E19678312D} = {E878E8F3-72DD-44B9-8F39-36E19678312D}
	EndProjectSection
EndProject
Project("{8BC9CEB8-8B4A-11D0-8D11-00A0C91BC942}") = "sipXunitTestSuite-msvc71", "sipXportLib\sipXunitTestSuite-msvc71.vcproj", "{AA5E3B56-A661-489A-9FA0-158F2F8503A3}"
	ProjectSection(ProjectDependencies) = postProject
	EndProjectSection
EndProject
Project("{8BC9CEB8-8B4A-11D0-8D11-00A0C91BC942}") = "sipXportLib-msvc71", "sipXportLib\sipXportLib-msvc71.vcproj", "{B3D241B3-39F2-4626-B9D5-A2078A78B994}"
	ProjectSection(ProjectDependencies) = postProject
	EndProjectSection
EndProject
Project("{8BC9CEB8-8B4A-11D0-8D11-00A0C91BC942}") = "sipXportLibTest-msvc71", "sipXportLib\sipXportLibTest-msvc71.vcproj", "{A0C58111-FB72-4942-A924-2C41B252D095}"
	ProjectSection(ProjectDependencies) = postProject
		{AA5E3B56-A661-489A-9FA0-158F2F8503A3} = {AA5E3B56-A661-489A-9FA0-158F2F8503A3}
		{B3D241B3-39F2-4626-B9D5-A2078A78B994} = {B3D241B3-39F2-4626-B9D5-A2078A78B994}
	EndProjectSection
EndProject
Global
	GlobalSection(SolutionConfiguration) = preSolution
		Debug = Debug
		Release = Release
	EndGlobalSection
	GlobalSection(ProjectConfiguration) = postSolution
		{E972C52F-9E85-4D65-B19C-031E511E9DB4}.Debug.ActiveCfg = Debug|Win32
		{E972C52F-9E85-4D65-B19C-031E511E9DB4}.Debug.Build.0 = Debug|Win32
		{E972C52F-9E85-4D65-B19C-031E511E9DB4}.Release.ActiveCfg = Release|Win32
		{E972C52F-9E85-4D65-B19C-031E511E9DB4}.Release.Build.0 = Release|Win32
		{348BFCE7-156D-4AEC-AFCB-7211AE5CFA19}.Debug.ActiveCfg = Debug|Win32
		{348BFCE7-156D-4AEC-AFCB-7211AE5CFA19}.Debug.Build.0 = Debug|Win32
		{348BFCE7-156D-4AEC-AFCB-7211AE5CFA19}.Release.ActiveCfg = Release|Win32
		{348BFCE7-156D-4AEC-AFCB-7211AE5CFA19}.Release.Build.0 = Release|Win32
		{FCAFA358-687F-4AD7-9F60-EB4B3F89B42C}.Debug.ActiveCfg = Debug|Win32
		{FCAFA358-687F-4AD7-9F60-EB4B3F89B42C}.Debug.Build.0 = Debug|Win32
		{FCAFA358-687F-4AD7-9F60-EB4B3F89B42C}.Release.ActiveCfg = Release|Win32
		{FCAFA358-687F-4AD7-9F60-EB4B3F89B42C}.Release.Build.0 = Release|Win32
		{F55652A4-F228-4809-93FF-21C67A202866}.Debug.ActiveCfg = Debug|Win32
		{F55652A4-F228-4809-93FF-21C67A202866}.Release.ActiveCfg = Release|Win32
		{D83B3C51-1E25-4244-913D-5428EA72E09F}.Debug.ActiveCfg = Debug|Win32
		{D83B3C51-1E25-4244-913D-5428EA72E09F}.Debug.Build.0 = Debug|Win32
		{D83B3C51-1E25-4244-913D-5428EA72E09F}.Release.ActiveCfg = Release|Win32
		{D83B3C51-1E25-4244-913D-5428EA72E09F}.Release.Build.0 = Release|Win32
		{6757FB4C-8F44-4A49-A5B6-27CFB6687AAE}.Debug.ActiveCfg = Debug|Win32
		{6757FB4C-8F44-4A49-A5B6-27CFB6687AAE}.Release.ActiveCfg = Release|Win32
		{74FDB844-55DB-491C-9BCA-DF34D4AE1ED0}.Debug.ActiveCfg = Debug|Win32
		{74FDB844-55DB-491C-9BCA-DF34D4AE1ED0}.Debug.Build.0 = Debug|Win32
		{74FDB844-55DB-491C-9BCA-DF34D4AE1ED0}.Release.ActiveCfg = Release|Win32
		{74FDB844-55DB-491C-9BCA-DF34D4AE1ED0}.Release.Build.0 = Release|Win32
		{94925081-8A09-4852-904F-2BB42230C53F}.Debug.ActiveCfg = Debug|Win32
		{94925081-8A09-4852-904F-2BB42230C53F}.Release.ActiveCfg = Release|Win32
		{1B4E414E-63A8-499F-9B72-8132A48E301C}.Debug.ActiveCfg = Debug|Win32
		{1B4E414E-63A8-499F-9B72-8132A48E301C}.Debug.Build.0 = Debug|Win32
		{1B4E414E-63A8-499F-9B72-8132A48E301C}.Release.ActiveCfg = Release|Win32
		{1B4E414E-63A8-499F-9B72-8132A48E301C}.Release.Build.0 = Release|Win32
		{E878E8F3-72DD-44B9-8F39-36E19678312D}.Debug.ActiveCfg = Debug|Win32
		{E878E8F3-72DD-44B9-8F39-36E19678312D}.Debug.Build.0 = Debug|Win32
		{E878E8F3-72DD-44B9-8F39-36E19678312D}.Release.ActiveCfg = Release|Win32
		{E878E8F3-72DD-44B9-8F39-36E19678312D}.Release.Build.0 = Release|Win32
		{D5FF8083-2457-4296-98BD-A96E7501EAF3}.Debug.ActiveCfg = Debug|Win32
		{D5FF8083-2457-4296-98BD-A96E7501EAF3}.Release.ActiveCfg = Debug|Win32
		{D7888602-57D3-4464-B7EA-AA60DA8DBD8F}.Debug.ActiveCfg = Debug|Win32
		{D7888602-57D3-4464-B7EA-AA60DA8DBD8F}.Release.ActiveCfg = Release|Win32
		{02884137-87A7-4221-B518-D7F7F22F9F7E}.Debug.ActiveCfg = Debug|Win32
		{02884137-87A7-4221-B518-D7F7F22F9F7E}.Debug.Build.0 = Debug|Win32
		{02884137-87A7-4221-B518-D7F7F22F9F7E}.Release.ActiveCfg = Release|Win32
		{02884137-87A7-4221-B518-D7F7F22F9F7E}.Release.Build.0 = Release|Win32
		{CF55C648-BAAF-46EC-9605-73BE46E5690E}.Debug.ActiveCfg = Debug|Win32
		{CF55C648-BAAF-46EC-9605-73BE46E5690E}.Release.ActiveCfg = Debug|Win32
		{73324DBE-1015-413A-A596-AAD58B47E9D6}.Debug.ActiveCfg = Debug|Win32
		{73324DBE-1015-413A-A596-AAD58B47E9D6}.Debug.Build.0 = Debug|Win32
		{73324DBE-1015-413A-A596-AAD58B47E9D6}.Release.ActiveCfg = Release|Win32
		{73324DBE-1015-413A-A596-AAD58B47E9D6}.Release.Build.0 = Release|Win32
		{C8420466-D435-4193-831A-1AA0212B2F1F}.Debug.ActiveCfg = Debug|Win32
		{C8420466-D435-4193-831A-1AA0212B2F1F}.Release.ActiveCfg = Debug|Win32
		{8D2018B7-A1EA-4302-8AE4-47101687847F}.Debug.ActiveCfg = Debug|Win32
		{8D2018B7-A1EA-4302-8AE4-47101687847F}.Debug.Build.0 = Debug|Win32
		{8D2018B7-A1EA-4302-8AE4-47101687847F}.Release.ActiveCfg = Release|Win32
		{8D2018B7-A1EA-4302-8AE4-47101687847F}.Release.Build.0 = Release|Win32
		{31C42F5B-BA58-4D2F-B93A-BB4EC33D5827}.Debug.ActiveCfg = Debug|Win32
		{31C42F5B-BA58-4D2F-B93A-BB4EC33D5827}.Release.ActiveCfg = Debug|Win32
		{265B7ED0-5FEF-4477-867E-049993DC1C9E}.Debug.ActiveCfg = Debug|Win32
		{265B7ED0-5FEF-4477-867E-049993DC1C9E}.Debug.Build.0 = Debug|Win32
		{265B7ED0-5FEF-4477-867E-049993DC1C9E}.Release.ActiveCfg = Release|Win32
		{265B7ED0-5FEF-4477-867E-049993DC1C9E}.Release.Build.0 = Release|Win32
		{87B09007-F762-4D4A-A88C-EE80AFDBA0A3}.Debug.ActiveCfg = Debug|Win32
		{87B09007-F762-4D4A-A88C-EE80AFDBA0A3}.Release.ActiveCfg = Debug|Win32
		{66A9FF6E-5889-41DA-9C0A-FC92FBA562D5}.Debug.ActiveCfg = Debug|Win32
		{66A9FF6E-5889-41DA-9C0A-FC92FBA562D5}.Release.ActiveCfg = Debug|Win32
		{66A9FF6E-5889-41DA-9C0A-FC92FBA562D5}.Release.Build.0 = Debug|Win32
		{724A488D-BF37-40C9-B56D-EB0E098FB799}.Debug.ActiveCfg = Debug|Win32
		{724A488D-BF37-40C9-B56D-EB0E098FB799}.Debug.Build.0 = Debug|Win32
		{724A488D-BF37-40C9-B56D-EB0E098FB799}.Release.ActiveCfg = Release|Win32
		{724A488D-BF37-40C9-B56D-EB0E098FB799}.Release.Build.0 = Release|Win32
		{AA5E3B56-A661-489A-9FA0-158F2F8503A3}.Debug.ActiveCfg = Debug|Win32
		{AA5E3B56-A661-489A-9FA0-158F2F8503A3}.Release.ActiveCfg = Debug|Win32
		{AA5E3B56-A661-489A-9FA0-158F2F8503A3}.Release.Build.0 = Debug|Win32
		{B3D241B3-39F2-4626-B9D5-A2078A78B994}.Debug.ActiveCfg = Debug|Win32
		{B3D241B3-39F2-4626-B9D5-A2078A78B994}.Debug.Build.0 = Debug|Win32
		{B3D241B3-39F2-4626-B9D5-A2078A78B994}.Release.ActiveCfg = Release|Win32
		{B3D241B3-39F2-4626-B9D5-A2078A78B994}.Release.Build.0 = Release|Win32
		{A0C58111-FB72-4942-A924-2C41B252D095}.Debug.ActiveCfg = Debug|Win32
		{A0C58111-FB72-4942-A924-2C41B252D095}.Release.ActiveCfg = Debug|Win32
	EndGlobalSection
	GlobalSection(ExtensibilityGlobals) = postSolution
	EndGlobalSection
	GlobalSection(ExtensibilityAddIns) = postSolution
	EndGlobalSection
EndGlobal
